
Microsoft Visual Studio Solution File, Format Version 12.00
# Visual Studio Version 16
VisualStudioVersion = 16.0.28803.352
MinimumVisualStudioVersion = 10.0.40219.1
Project("{9A19103F-16F7-4668-BE54-9A1E7A4F7556}") = "Common.Redis", "Common.Redis\Common.Redis.csproj", "{B06CBDAE-DA5E-4F84-A884-695883AB541E}"
EndProject
Project("{FAE04EC0-301F-11D3-BF4B-00C04F79EFBC}") = "Common.UnitTest", "Common.UnitTest\Common.UnitTest.csproj", "{84D0E8B7-BE8B-45EF-8A45-28AB56888E40}"
EndProject
Project("{FAE04EC0-301F-11D3-BF4B-00C04F79EFBC}") = "Common.Console", "Common.Console\Common.Console.csproj", "{34E186F8-A1AC-4618-B0D2-29C94CB97ED8}"
EndProject
Global
	GlobalSection(SolutionConfigurationPlatforms) = preSolution
		Debug|Any CPU = Debug|Any CPU
		Release|Any CPU = Release|Any CPU
	EndGlobalSection
	GlobalSection(ProjectConfigurationPlatforms) = postSolution
		{B06CBDAE-DA5E-4F84-A884-695883AB541E}.Debug|Any CPU.ActiveCfg = Debug|Any CPU
		{B06CBDAE-DA5E-4F84-A884-695883AB541E}.Debug|Any CPU.Build.0 = Debug|Any CPU
		{B06CBDAE-DA5E-4F84-A884-695883AB541E}.Release|Any CPU.ActiveCfg = Release|Any CPU
		{B06CBDAE-DA5E-4F84-A884-695883AB541E}.Release|Any CPU.Build.0 = Release|Any CPU
		{84D0E8B7-BE8B-45EF-8A45-28AB56888E40}.Debug|Any CPU.ActiveCfg = Debug|Any CPU
		{84D0E8B7-BE8B-45EF-8A45-28AB56888E40}.Debug|Any CPU.Build.0 = Debug|Any CPU
		{84D0E8B7-BE8B-45EF-8A45-28AB56888E40}.Release|Any CPU.ActiveCfg = Release|Any CPU
		{84D0E8B7-BE8B-45EF-8A45-28AB56888E40}.Release|Any CPU.Build.0 = Release|Any CPU
		{34E186F8-A1AC-4618-B0D2-29C94CB97ED8}.Debug|Any CPU.ActiveCfg = Debug|Any CPU
		{34E186F8-A1AC-4618-B0D2-29C94CB97ED8}.Debug|Any CPU.Build.0 = Debug|Any CPU
		{34E186F8-A1AC-4618-B0D2-29C94CB97ED8}.Release|Any CPU.ActiveCfg = Release|Any CPU
		{34E186F8-A1AC-4618-B0D2-29C94CB97ED8}.Release|Any CPU.Build.0 = Release|Any CPU
	EndGlobalSection
	GlobalSection(SolutionProperties) = preSolution
		HideSolutionNode = FALSE
	EndGlobalSection
	GlobalSection(ExtensibilityGlobals) = postSolution
		SolutionGuid = {201129B5-6BC1-47B6-B55D-C2C6D419D421}
	EndGlobalSection
EndGlobal
